
Microsoft Visual Studio Solution File, Format Version 12.00
# Visual Studio Version 16
VisualStudioVersion = 16.0.28803.202
MinimumVisualStudioVersion = 10.0.40219.1
Project("{9A19103F-16F7-4668-BE54-9A1E7A4F7556}") = "Battleships", "Battleships\Battleships.csproj", "{CF771189-926D-47A8-90DE-8F2F488D2B3F}"
EndProject
Project("{9A19103F-16F7-4668-BE54-9A1E7A4F7556}") = "Battleships.Core", "Battleships.Core\Battleships.Core.csproj", "{A0541C69-A96C-4A51-A3B7-9AE525DC2EC1}"
EndProject
Project("{2150E333-8FDC-42A3-9474-1A3956D46DE8}") = "Tests", "Tests", "{FF9CCDD3-51DA-432A-B6F4-AABCDB30D5D8}"
EndProject
Project("{9A19103F-16F7-4668-BE54-9A1E7A4F7556}") = "Battleships.Core.Tests", "Battleships.Core.Tests\Battleships.Core.Tests.csproj", "{EB5CFDFD-B425-4CEF-9E6E-8AD7822CF686}"
EndProject
Project("{9A19103F-16F7-4668-BE54-9A1E7A4F7556}") = "Battleships.IoC", "Battleships.IoC\Battleships.IoC.csproj", "{1DCB26B0-3AAD-4C70-8142-D727C14B42C7}"
EndProject
Project("{FAE04EC0-301F-11D3-BF4B-00C04F79EFBC}") = "Battleships.Console", "Battleships.Console\Battleships.Console.csproj", "{995C4528-F30C-4E72-A60C-609BDD12F6B4}"
EndProject
Project("{FAE04EC0-301F-11D3-BF4B-00C04F79EFBC}") = "Battleships.Console.Tests", "Battleships.Console.Tests\Battleships.Console.Tests.csproj", "{20BBB8C0-48AD-45A0-A4A2-81092ED3900B}"
EndProject
Global
	GlobalSection(SolutionConfigurationPlatforms) = preSolution
		Debug|Any CPU = Debug|Any CPU
		Release|Any CPU = Release|Any CPU
	EndGlobalSection
	GlobalSection(ProjectConfigurationPlatforms) = postSolution
		{CF771189-926D-47A8-90DE-8F2F488D2B3F}.Debug|Any CPU.ActiveCfg = Debug|Any CPU
		{CF771189-926D-47A8-90DE-8F2F488D2B3F}.Debug|Any CPU.Build.0 = Debug|Any CPU
		{CF771189-926D-47A8-90DE-8F2F488D2B3F}.Release|Any CPU.ActiveCfg = Release|Any CPU
		{CF771189-926D-47A8-90DE-8F2F488D2B3F}.Release|Any CPU.Build.0 = Release|Any CPU
		{A0541C69-A96C-4A51-A3B7-9AE525DC2EC1}.Debug|Any CPU.ActiveCfg = Debug|Any CPU
		{A0541C69-A96C-4A51-A3B7-9AE525DC2EC1}.Debug|Any CPU.Build.0 = Debug|Any CPU
		{A0541C69-A96C-4A51-A3B7-9AE525DC2EC1}.Release|Any CPU.ActiveCfg = Release|Any CPU
		{A0541C69-A96C-4A51-A3B7-9AE525DC2EC1}.Release|Any CPU.Build.0 = Release|Any CPU
		{EB5CFDFD-B425-4CEF-9E6E-8AD7822CF686}.Debug|Any CPU.ActiveCfg = Debug|Any CPU
		{EB5CFDFD-B425-4CEF-9E6E-8AD7822CF686}.Debug|Any CPU.Build.0 = Debug|Any CPU
		{EB5CFDFD-B425-4CEF-9E6E-8AD7822CF686}.Release|Any CPU.ActiveCfg = Release|Any CPU
		{EB5CFDFD-B425-4CEF-9E6E-8AD7822CF686}.Release|Any CPU.Build.0 = Release|Any CPU
		{1DCB26B0-3AAD-4C70-8142-D727C14B42C7}.Debug|Any CPU.ActiveCfg = Debug|Any CPU
		{1DCB26B0-3AAD-4C70-8142-D727C14B42C7}.Debug|Any CPU.Build.0 = Debug|Any CPU
		{1DCB26B0-3AAD-4C70-8142-D727C14B42C7}.Release|Any CPU.ActiveCfg = Release|Any CPU
		{1DCB26B0-3AAD-4C70-8142-D727C14B42C7}.Release|Any CPU.Build.0 = Release|Any CPU
		{995C4528-F30C-4E72-A60C-609BDD12F6B4}.Debug|Any CPU.ActiveCfg = Debug|Any CPU
		{995C4528-F30C-4E72-A60C-609BDD12F6B4}.Debug|Any CPU.Build.0 = Debug|Any CPU
		{995C4528-F30C-4E72-A60C-609BDD12F6B4}.Release|Any CPU.ActiveCfg = Release|Any CPU
		{995C4528-F30C-4E72-A60C-609BDD12F6B4}.Release|Any CPU.Build.0 = Release|Any CPU
		{20BBB8C0-48AD-45A0-A4A2-81092ED3900B}.Debug|Any CPU.ActiveCfg = Debug|Any CPU
		{20BBB8C0-48AD-45A0-A4A2-81092ED3900B}.Debug|Any CPU.Build.0 = Debug|Any CPU
		{20BBB8C0-48AD-45A0-A4A2-81092ED3900B}.Release|Any CPU.ActiveCfg = Release|Any CPU
		{20BBB8C0-48AD-45A0-A4A2-81092ED3900B}.Release|Any CPU.Build.0 = Release|Any CPU
	EndGlobalSection
	GlobalSection(SolutionProperties) = preSolution
		HideSolutionNode = FALSE
	EndGlobalSection
	GlobalSection(NestedProjects) = preSolution
		{EB5CFDFD-B425-4CEF-9E6E-8AD7822CF686} = {FF9CCDD3-51DA-432A-B6F4-AABCDB30D5D8}
		{20BBB8C0-48AD-45A0-A4A2-81092ED3900B} = {FF9CCDD3-51DA-432A-B6F4-AABCDB30D5D8}
	EndGlobalSection
	GlobalSection(ExtensibilityGlobals) = postSolution
		SolutionGuid = {2D809369-09E5-4D1A-858D-1EBCA0D03E82}
	EndGlobalSection
EndGlobal
